// !$*UTF8*$!
{
	archiveVersion = 1;
	classes = {
	};
	objectVersion = 56;
	objects = {

/* Begin PBXBuildFile section */
		DDE987542935D04F00943EB2 /* AppDelegate.swift in Sources */ = {isa = PBXBuildFile; fileRef = DDE987532935D04F00943EB2 /* AppDelegate.swift */; };
		DDE987562935D04F00943EB2 /* SceneDelegate.swift in Sources */ = {isa = PBXBuildFile; fileRef = DDE987552935D04F00943EB2 /* SceneDelegate.swift */; };
		DDE987582935D04F00943EB2 /* ViewController.swift in Sources */ = {isa = PBXBuildFile; fileRef = DDE987572935D04F00943EB2 /* ViewController.swift */; };
		DDE9875B2935D04F00943EB2 /* Main.storyboard in Resources */ = {isa = PBXBuildFile; fileRef = DDE987592935D04F00943EB2 /* Main.storyboard */; };
		DDE9875D2935D04F00943EB2 /* Assets.xcassets in Resources */ = {isa = PBXBuildFile; fileRef = DDE9875C2935D04F00943EB2 /* Assets.xcassets */; };
		DDE987602935D04F00943EB2 /* LaunchScreen.storyboard in Resources */ = {isa = PBXBuildFile; fileRef = DDE9875E2935D04F00943EB2 /* LaunchScreen.storyboard */; };
		DDE9876A2935D20400943EB2 /* Question.swift in Sources */ = {isa = PBXBuildFile; fileRef = DDE987692935D20400943EB2 /* Question.swift */; };
		DDE9876D2935D79200943EB2 /* QuestionList.swift in Sources */ = {isa = PBXBuildFile; fileRef = DDE9876C2935D79200943EB2 /* QuestionList.swift */; };
/* End PBXBuildFile section */

/* Begin PBXFileReference section */
		DDE987502935D04F00943EB2 /* MBTI.app */ = {isa = PBXFileReference; explicitFileType = wrapper.application; includeInIndex = 0; path = MBTI.app; sourceTree = BUILT_PRODUCTS_DIR; };
		DDE987532935D04F00943EB2 /* AppDelegate.swift */ = {isa = PBXFileReference; lastKnownFileType = sourcecode.swift; path = AppDelegate.swift; sourceTree = "<group>"; };
		DDE987552935D04F00943EB2 /* SceneDelegate.swift */ = {isa = PBXFileReference; lastKnownFileType = sourcecode.swift; path = SceneDelegate.swift; sourceTree = "<group>"; };
		DDE987572935D04F00943EB2 /* ViewController.swift */ = {isa = PBXFileReference; lastKnownFileType = sourcecode.swift; path = ViewController.swift; sourceTree = "<group>"; };
		DDE9875A2935D04F00943EB2 /* Base */ = {isa = PBXFileReference; lastKnownFileType = file.storyboard; name = Base; path = Base.lproj/Main.storyboard; sourceTree = "<group>"; };
		DDE9875C2935D04F00943EB2 /* Assets.xcassets */ = {isa = PBXFileReference; lastKnownFileType = folder.assetcatalog; path = Assets.xcassets; sourceTree = "<group>"; };
		DDE9875F2935D04F00943EB2 /* Base */ = {isa = PBXFileReference; lastKnownFileType = file.storyboard; name = Base; path = Base.lproj/LaunchScreen.storyboard; sourceTree = "<group>"; };
		DDE987612935D04F00943EB2 /* Info.plist */ = {isa = PBXFileReference; lastKnownFileType = text.plist.xml; path = Info.plist; sourceTree = "<group>"; };
		DDE987692935D20400943EB2 /* Question.swift */ = {isa = PBXFileReference; lastKnownFileType = sourcecode.swift; path = Question.swift; sourceTree = "<group>"; };
		DDE9876C2935D79200943EB2 /* QuestionList.swift */ = {isa = PBXFileReference; lastKnownFileType = sourcecode.swift; path = QuestionList.swift; sourceTree = "<group>"; };
/* End PBXFileReference section */

/* Begin PBXFrameworksBuildPhase section */
		DDE9874D2935D04F00943EB2 /* Frameworks */ = {
			isa = PBXFrameworksBuildPhase;
			buildActionMask = 2147483647;
			files = (
			);
			runOnlyForDeploymentPostprocessing = 0;
		};
/* End PBXFrameworksBuildPhase section */

/* Begin PBXGroup section */
		DDE987472935D04E00943EB2 = {
			isa = PBXGroup;
			children = (
				DDE987522935D04F00943EB2 /* MBTI */,
				DDE987512935D04F00943EB2 /* Products */,
			);
			sourceTree = "<group>";
		};
		DDE987512935D04F00943EB2 /* Products */ = {
			isa = PBXGroup;
			children = (
				DDE987502935D04F00943EB2 /* MBTI.app */,
			);
			name = Products;
			sourceTree = "<group>";
		};
		DDE987522935D04F00943EB2 /* MBTI */ = {
			isa = PBXGroup;
			children = (
				DDE987532935D04F00943EB2 /* AppDelegate.swift */,
				DDE987552935D04F00943EB2 /* SceneDelegate.swift */,
				DDE9876B2935D22900943EB2 /* Model */,
				DDE987682935D1DE00943EB2 /* Controller */,
				DDE987672935D1C900943EB2 /* View */,
				DDE9875C2935D04F00943EB2 /* Assets.xcassets */,
				DDE9875E2935D04F00943EB2 /* LaunchScreen.storyboard */,
				DDE987612935D04F00943EB2 /* Info.plist */,
			);
			path = MBTI;
			sourceTree = "<group>";
		};
		DDE987672935D1C900943EB2 /* View */ = {
			isa = PBXGroup;
			children = (
				DDE987592935D04F00943EB2 /* Main.storyboard */,
			);
			path = View;
			sourceTree = "<group>";
		};
		DDE987682935D1DE00943EB2 /* Controller */ = {
			isa = PBXGroup;
			children = (
				DDE987572935D04F00943EB2 /* ViewController.swift */,
			);
			path = Controller;
			sourceTree = "<group>";
		};
		DDE9876B2935D22900943EB2 /* Model */ = {
			isa = PBXGroup;
			children = (
				DDE987692935D20400943EB2 /* Question.swift */,
				DDE9876C2935D79200943EB2 /* QuestionList.swift */,
			);
			path = Model;
			sourceTree = "<group>";
		};
/* End PBXGroup section */

/* Begin PBXNativeTarget section */
		DDE9874F2935D04F00943EB2 /* MBTI */ = {
			isa = PBXNativeTarget;
			buildConfigurationList = DDE987642935D04F00943EB2 /* Build configuration list for PBXNativeTarget "MBTI" */;
			buildPhases = (
				DDE9874C2935D04F00943EB2 /* Sources */,
				DDE9874D2935D04F00943EB2 /* Frameworks */,
				DDE9874E2935D04F00943EB2 /* Resources */,
			);
			buildRules = (
			);
			dependencies = (
			);
			name = MBTI;
			productName = MBTI;
			productReference = DDE987502935D04F00943EB2 /* MBTI.app */;
			productType = "com.apple.product-type.application";
		};
/* End PBXNativeTarget section */

/* Begin PBXProject section */
		DDE987482935D04E00943EB2 /* Project object */ = {
			isa = PBXProject;
			attributes = {
				BuildIndependentTargetsInParallel = 1;
				LastSwiftUpdateCheck = 1410;
				LastUpgradeCheck = 1410;
				TargetAttributes = {
					DDE9874F2935D04F00943EB2 = {
						CreatedOnToolsVersion = 14.1;
					};
				};
			};
			buildConfigurationList = DDE9874B2935D04F00943EB2 /* Build configuration list for PBXProject "MBTI" */;
			compatibilityVersion = "Xcode 14.0";
			developmentRegion = en;
			hasScannedForEncodings = 0;
			knownRegions = (
				en,
				Base,
			);
			mainGroup = DDE987472935D04E00943EB2;
			productRefGroup = DDE987512935D04F00943EB2 /* Products */;
			projectDirPath = "";
			projectRoot = "";
			targets = (
				DDE9874F2935D04F00943EB2 /* MBTI */,
			);
		};
/* End PBXProject section */

/* Begin PBXResourcesBuildPhase section */
		DDE9874E2935D04F00943EB2 /* Resources */ = {
			isa = PBXResourcesBuildPhase;
			buildActionMask = 2147483647;
			files = (
				DDE987602935D04F00943EB2 /* LaunchScreen.storyboard in Resources */,
				DDE9875D2935D04F00943EB2 /* Assets.xcassets in Resources */,
				DDE9875B2935D04F00943EB2 /* Main.storyboard in Resources */,
			);
			runOnlyForDeploymentPostprocessing = 0;
		};
/* End PBXResourcesBuildPhase section */

/* Begin PBXSourcesBuildPhase section */
		DDE9874C2935D04F00943EB2 /* Sources */ = {
			isa = PBXSourcesBuildPhase;
			buildActionMask = 2147483647;
			files = (
				DDE987582935D04F00943EB2 /* ViewController.swift in Sources */,
				DDE987542935D04F00943EB2 /* AppDelegate.swift in Sources */,
				DDE9876D2935D79200943EB2 /* QuestionList.swift in Sources */,
				DDE987562935D04F00943EB2 /* SceneDelegate.swift in Sources */,
				DDE9876A2935D20400943EB2 /* Question.swift in Sources */,
			);
			runOnlyForDeploymentPostprocessing = 0;
		};
/* End PBXSourcesBuildPhase section */

/* Begin PBXVariantGroup section */
		DDE987592935D04F00943EB2 /* Main.storyboard */ = {
			isa = PBXVariantGroup;
			children = (
				DDE9875A2935D04F00943EB2 /* Base */,
			);
			name = Main.storyboard;
			sourceTree = "<group>";
		};
		DDE9875E2935D04F00943EB2 /* LaunchScreen.storyboard */ = {
			isa = PBXVariantGroup;
			children = (
				DDE9875F2935D04F00943EB2 /* Base */,
			);
			name = LaunchScreen.storyboard;
			sourceTree = "<group>";
		};
/* End PBXVariantGroup section */

/* Begin XCBuildConfiguration section */
		DDE987622935D04F00943EB2 /* Debug */ = {
			isa = XCBuildConfiguration;
			buildSettings = {
				ALWAYS_SEARCH_USER_PATHS = NO;
				CLANG_ANALYZER_NONNULL = YES;
				CLANG_ANALYZER_NUMBER_OBJECT_CONVERSION = YES_AGGRESSIVE;
				CLANG_CXX_LANGUAGE_STANDARD = "gnu++20";
				CLANG_ENABLE_MODULES = YES;
				CLANG_ENABLE_OBJC_ARC = YES;
				CLANG_ENABLE_OBJC_WEAK = YES;
				CLANG_WARN_BLOCK_CAPTURE_AUTORELEASING = YES;
				CLANG_WARN_BOOL_CONVERSION = YES;
				CLANG_WARN_COMMA = YES;
				CLANG_WARN_CONSTANT_CONVERSION = YES;
				CLANG_WARN_DEPRECATED_OBJC_IMPLEMENTATIONS = YES;
				CLANG_WARN_DIRECT_OBJC_ISA_USAGE = YES_ERROR;
				CLANG_WARN_DOCUMENTATION_COMMENTS = YES;
				CLANG_WARN_EMPTY_BODY = YES;
				CLANG_WARN_ENUM_CONVERSION = YES;
				CLANG_WARN_INFINITE_RECURSION = YES;
				CLANG_WARN_INT_CONVERSION = YES;
				CLANG_WARN_NON_LITERAL_NULL_CONVERSION = YES;
				CLANG_WARN_OBJC_IMPLICIT_RETAIN_SELF = YES;
				CLANG_WARN_OBJC_LITERAL_CONVERSION = YES;
				CLANG_WARN_OBJC_ROOT_CLASS = YES_ERROR;
				CLANG_WARN_QUOTED_INCLUDE_IN_FRAMEWORK_HEADER = YES;
				CLANG_WARN_RANGE_LOOP_ANALYSIS = YES;
				CLANG_WARN_STRICT_PROTOTYPES = YES;
				CLANG_WARN_SUSPICIOUS_MOVE = YES;
				CLANG_WARN_UNGUARDED_AVAILABILITY = YES_AGGRESSIVE;
				CLANG_WARN_UNREACHABLE_CODE = YES;
				CLANG_WARN__DUPLICATE_METHOD_MATCH = YES;
				COPY_PHASE_STRIP = NO;
				DEBUG_INFORMATION_FORMAT = dwarf;
				ENABLE_STRICT_OBJC_MSGSEND = YES;
				ENABLE_TESTABILITY = YES;
				GCC_C_LANGUAGE_STANDARD = gnu11;
				GCC_DYNAMIC_NO_PIC = NO;
				GCC_NO_COMMON_BLOCKS = YES;
				GCC_OPTIMIZATION_LEVEL = 0;
				GCC_PREPROCESSOR_DEFINITIONS = (
					"DEBUG=1",
					"$(inherited)",
				);
				GCC_WARN_64_TO_32_BIT_CONVERSION = YES;
				GCC_WARN_ABOUT_RETURN_TYPE = YES_ERROR;
				GCC_WARN_UNDECLARED_SELECTOR = YES;
				GCC_WARN_UNINITIALIZED_AUTOS = YES_AGGRESSIVE;
				GCC_WARN_UNUSED_FUNCTION = YES;
				GCC_WARN_UNUSED_VARIABLE = YES;
				IPHONEOS_DEPLOYMENT_TARGET = 16.1;
				MTL_ENABLE_DEBUG_INFO = INCLUDE_SOURCE;
				MTL_FAST_MATH = YES;
				ONLY_ACTIVE_ARCH = YES;
				SDKROOT = iphoneos;
				SWIFT_ACTIVE_COMPILATION_CONDITIONS = DEBUG;
				SWIFT_OPTIMIZATION_LEVEL = "-Onone";
			};
			name = Debug;
		};
		DDE987632935D04F00943EB2 /* Release */ = {
			isa = XCBuildConfiguration;
			buildSettings = {
				ALWAYS_SEARCH_USER_PATHS = NO;
				CLANG_ANALYZER_NONNULL = YES;
				CLANG_ANALYZER_NUMBER_OBJECT_CONVERSION = YES_AGGRESSIVE;
				CLANG_CXX_LANGUAGE_STANDARD = "gnu++20";
				CLANG_ENABLE_MODULES = YES;
				CLANG_ENABLE_OBJC_ARC = YES;
				CLANG_ENABLE_OBJC_WEAK = YES;
				CLANG_WARN_BLOCK_CAPTURE_AUTORELEASING = YES;
				CLANG_WARN_BOOL_CONVERSION = YES;
				CLANG_WARN_COMMA = YES;
				CLANG_WARN_CONSTANT_CONVERSION = YES;
				CLANG_WARN_DEPRECATED_OBJC_IMPLEMENTATIONS = YES;
				CLANG_WARN_DIRECT_OBJC_ISA_USAGE = YES_ERROR;
				CLANG_WARN_DOCUMENTATION_COMMENTS = YES;
				CLANG_WARN_EMPTY_BODY = YES;
				CLANG_WARN_ENUM_CONVERSION = YES;
				CLANG_WARN_INFINITE_RECURSION = YES;
				CLANG_WARN_INT_CONVERSION = YES;
				CLANG_WARN_NON_LITERAL_NULL_CONVERSION = YES;
				CLANG_WARN_OBJC_IMPLICIT_RETAIN_SELF = YES;
				CLANG_WARN_OBJC_LITERAL_CONVERSION = YES;
				CLANG_WARN_OBJC_ROOT_CLASS = YES_ERROR;
				CLANG_WARN_QUOTED_INCLUDE_IN_FRAMEWORK_HEADER = YES;
				CLANG_WARN_RANGE_LOOP_ANALYSIS = YES;
				CLANG_WARN_STRICT_PROTOTYPES = YES;
				CLANG_WARN_SUSPICIOUS_MOVE = YES;
				CLANG_WARN_UNGUARDED_AVAILABILITY = YES_AGGRESSIVE;
				CLANG_WARN_UNREACHABLE_CODE = YES;
				CLANG_WARN__DUPLICATE_METHOD_MATCH = YES;
				COPY_PHASE_STRIP = NO;
				DEBUG_INFORMATION_FORMAT = "dwarf-with-dsym";
				ENABLE_NS_ASSERTIONS = NO;
				ENABLE_STRICT_OBJC_MSGSEND = YES;
				GCC_C_LANGUAGE_STANDARD = gnu11;
				GCC_NO_COMMON_BLOCKS = YES;
				GCC_WARN_64_TO_32_BIT_CONVERSION = YES;
				GCC_WARN_ABOUT_RETURN_TYPE = YES_ERROR;
				GCC_WARN_UNDECLARED_SELECTOR = YES;
				GCC_WARN_UNINITIALIZED_AUTOS = YES_AGGRESSIVE;
				GCC_WARN_UNUSED_FUNCTION = YES;
				GCC_WARN_UNUSED_VARIABLE = YES;
				IPHONEOS_DEPLOYMENT_TARGET = 16.1;
				MTL_ENABLE_DEBUG_INFO = NO;
				MTL_FAST_MATH = YES;
				SDKROOT = iphoneos;
				SWIFT_COMPILATION_MODE = wholemodule;
				SWIFT_OPTIMIZATION_LEVEL = "-O";
				VALIDATE_PRODUCT = YES;
			};
			name = Release;
		};
		DDE987652935D04F00943EB2 /* Debug */ = {
			isa = XCBuildConfiguration;
			buildSettings = {
				ASSETCATALOG_COMPILER_APPICON_NAME = AppIcon;
				ASSETCATALOG_COMPILER_GLOBAL_ACCENT_COLOR_NAME = AccentColor;
				CODE_SIGN_STYLE = Automatic;
				CURRENT_PROJECT_VERSION = 1;
				DEVELOPMENT_TEAM = B6QMD2854G;
				GENERATE_INFOPLIST_FILE = YES;
				INFOPLIST_FILE = MBTI/Info.plist;
				INFOPLIST_KEY_UIApplicationSupportsIndirectInputEvents = YES;
				INFOPLIST_KEY_UILaunchStoryboardName = LaunchScreen;
				INFOPLIST_KEY_UIMainStoryboardFile = Main;
				INFOPLIST_KEY_UISupportedInterfaceOrientations_iPad = "UIInterfaceOrientationPortrait UIInterfaceOrientationPortraitUpsideDown UIInterfaceOrientationLandscapeLeft UIInterfaceOrientationLandscapeRight";
				INFOPLIST_KEY_UISupportedInterfaceOrientations_iPhone = "UIInterfaceOrientationPortrait UIInterfaceOrientationLandscapeLeft UIInterfaceOrientationLandscapeRight";
				IPHONEOS_DEPLOYMENT_TARGET = 14.0;
				LD_RUNPATH_SEARCH_PATHS = (
					"$(inherited)",
					"@executable_path/Frameworks",
				);
				MARKETING_VERSION = 1.0;
				PRODUCT_BUNDLE_IDENTIFIER = com.hong.MBTI;
				PRODUCT_NAME = "$(TARGET_NAME)";
				SWIFT_EMIT_LOC_STRINGS = YES;
				SWIFT_VERSION = 5.0;
				TARGETED_DEVICE_FAMILY = "1,2";
			};
			name = Debug;
		};
		DDE987662935D04F00943EB2 /* Release */ = {
			isa = XCBuildConfiguration;
			buildSettings = {
				ASSETCATALOG_COMPILER_APPICON_NAME = AppIcon;
				ASSETCATALOG_COMPILER_GLOBAL_ACCENT_COLOR_NAME = AccentColor;
				CODE_SIGN_STYLE = Automatic;
				CURRENT_PROJECT_VERSION = 1;
				DEVELOPMENT_TEAM = B6QMD2854G;
				GENERATE_INFOPLIST_FILE = YES;
				INFOPLIST_FILE = MBTI/Info.plist;
				INFOPLIST_KEY_UIApplicationSupportsIndirectInputEvents = YES;
				INFOPLIST_KEY_UILaunchStoryboardName = LaunchScreen;
				INFOPLIST_KEY_UIMainStoryboardFile = Main;
				INFOPLIST_KEY_UISupportedInterfaceOrientations_iPad = "UIInterfaceOrientationPortrait UIInterfaceOrientationPortraitUpsideDown UIInterfaceOrientationLandscapeLeft UIInterfaceOrientationLandscapeRight";
				INFOPLIST_KEY_UISupportedInterfaceOrientations_iPhone = "UIInterfaceOrientationPortrait UIInterfaceOrientationLandscapeLeft UIInterfaceOrientationLandscapeRight";
				IPHONEOS_DEPLOYMENT_TARGET = 14.0;
				LD_RUNPATH_SEARCH_PATHS = (
					"$(inherited)",
					"@executable_path/Frameworks",
				);
				MARKETING_VERSION = 1.0;
				PRODUCT_BUNDLE_IDENTIFIER = com.hong.MBTI;
				PRODUCT_NAME = "$(TARGET_NAME)";
				SWIFT_EMIT_LOC_STRINGS = YES;
				SWIFT_VERSION = 5.0;
				TARGETED_DEVICE_FAMILY = "1,2";
			};
			name = Release;
		};
/* End XCBuildConfiguration section */

/* Begin XCConfigurationList section */
		DDE9874B2935D04F00943EB2 /* Build configuration list for PBXProject "MBTI" */ = {
			isa = XCConfigurationList;
			buildConfigurations = (
				DDE987622935D04F00943EB2 /* Debug */,
				DDE987632935D04F00943EB2 /* Release */,
			);
			defaultConfigurationIsVisible = 0;
			defaultConfigurationName = Release;
		};
		DDE987642935D04F00943EB2 /* Build configuration list for PBXNativeTarget "MBTI" */ = {
			isa = XCConfigurationList;
			buildConfigurations = (
				DDE987652935D04F00943EB2 /* Debug */,
				DDE987662935D04F00943EB2 /* Release */,
			);
			defaultConfigurationIsVisible = 0;
			defaultConfigurationName = Release;
		};
/* End XCConfigurationList section */
	};
	rootObject = DDE987482935D04E00943EB2 /* Project object */;
}
